// !$*UTF8*$!
{
	archiveVersion = 1;
	classes = {
	};
	objectVersion = 50;
	objects = {

/* Begin PBXBuildFile section */
		2933123E234DC3990017BFAA /* AppDelegate.m in Sources */ = {isa = PBXBuildFile; fileRef = 2933123D234DC3990017BFAA /* AppDelegate.m */; };
		29331241234DC3990017BFAA /* SceneDelegate.m in Sources */ = {isa = PBXBuildFile; fileRef = 29331240234DC3990017BFAA /* SceneDelegate.m */; };
		29331244234DC3990017BFAA /* ViewController.m in Sources */ = {isa = PBXBuildFile; fileRef = 29331243234DC3990017BFAA /* ViewController.m */; };
		29331247234DC3990017BFAA /* Main.storyboard in Resources */ = {isa = PBXBuildFile; fileRef = 29331245234DC3990017BFAA /* Main.storyboard */; };
		29331249234DC39A0017BFAA /* Assets.xcassets in Resources */ = {isa = PBXBuildFile; fileRef = 29331248234DC39A0017BFAA /* Assets.xcassets */; };
		2933124C234DC39A0017BFAA /* LaunchScreen.storyboard in Resources */ = {isa = PBXBuildFile; fileRef = 2933124A234DC39A0017BFAA /* LaunchScreen.storyboard */; };
		2933124F234DC39A0017BFAA /* main.m in Sources */ = {isa = PBXBuildFile; fileRef = 2933124E234DC39A0017BFAA /* main.m */; };
/* End PBXBuildFile section */

/* Begin PBXFileReference section */
		29331239234DC3990017BFAA /* QMApp.app */ = {isa = PBXFileReference; explicitFileType = wrapper.application; includeInIndex = 0; path = QMApp.app; sourceTree = BUILT_PRODUCTS_DIR; };
		2933123C234DC3990017BFAA /* AppDelegate.h */ = {isa = PBXFileReference; lastKnownFileType = sourcecode.c.h; path = AppDelegate.h; sourceTree = "<group>"; };
		2933123D234DC3990017BFAA /* AppDelegate.m */ = {isa = PBXFileReference; lastKnownFileType = sourcecode.c.objc; path = AppDelegate.m; sourceTree = "<group>"; };
		2933123F234DC3990017BFAA /* SceneDelegate.h */ = {isa = PBXFileReference; lastKnownFileType = sourcecode.c.h; path = SceneDelegate.h; sourceTree = "<group>"; };
		29331240234DC3990017BFAA /* SceneDelegate.m */ = {isa = PBXFileReference; lastKnownFileType = sourcecode.c.objc; path = SceneDelegate.m; sourceTree = "<group>"; };
		29331242234DC3990017BFAA /* ViewController.h */ = {isa = PBXFileReference; lastKnownFileType = sourcecode.c.h; path = ViewController.h; sourceTree = "<group>"; };
		29331243234DC3990017BFAA /* ViewController.m */ = {isa = PBXFileReference; lastKnownFileType = sourcecode.c.objc; path = ViewController.m; sourceTree = "<group>"; };
		29331246234DC3990017BFAA /* Base */ = {isa = PBXFileReference; lastKnownFileType = file.storyboard; name = Base; path = Base.lproj/Main.storyboard; sourceTree = "<group>"; };
		29331248234DC39A0017BFAA /* Assets.xcassets */ = {isa = PBXFileReference; lastKnownFileType = folder.assetcatalog; path = Assets.xcassets; sourceTree = "<group>"; };
		2933124B234DC39A0017BFAA /* Base */ = {isa = PBXFileReference; lastKnownFileType = file.storyboard; name = Base; path = Base.lproj/LaunchScreen.storyboard; sourceTree = "<group>"; };
		2933124D234DC39A0017BFAA /* Info.plist */ = {isa = PBXFileReference; lastKnownFileType = text.plist.xml; path = Info.plist; sourceTree = "<group>"; };
		2933124E234DC39A0017BFAA /* main.m */ = {isa = PBXFileReference; lastKnownFileType = sourcecode.c.objc; path = main.m; sourceTree = "<group>"; };
/* End PBXFileReference section */

/* Begin PBXFrameworksBuildPhase section */
		29331236234DC3990017BFAA /* Frameworks */ = {
			isa = PBXFrameworksBuildPhase;
			buildActionMask = 2147483647;
			files = (
			);
			runOnlyForDeploymentPostprocessing = 0;
		};
/* End PBXFrameworksBuildPhase section */

/* Begin PBXGroup section */
		29331230234DC3990017BFAA = {
			isa = PBXGroup;
			children = (
				2933123B234DC3990017BFAA /* QMApp */,
				2933123A234DC3990017BFAA /* Products */,
			);
			sourceTree = "<group>";
		};
		2933123A234DC3990017BFAA /* Products */ = {
			isa = PBXGroup;
			children = (
				29331239234DC3990017BFAA /* QMApp.app */,
			);
			name = Products;
			sourceTree = "<group>";
		};
		2933123B234DC3990017BFAA /* QMApp */ = {
			isa = PBXGroup;
			children = (
				2933123C234DC3990017BFAA /* AppDelegate.h */,
				2933123D234DC3990017BFAA /* AppDelegate.m */,
				2933123F234DC3990017BFAA /* SceneDelegate.h */,
				29331240234DC3990017BFAA /* SceneDelegate.m */,
				29331242234DC3990017BFAA /* ViewController.h */,
				29331243234DC3990017BFAA /* ViewController.m */,
				29331245234DC3990017BFAA /* Main.storyboard */,
				29331248234DC39A0017BFAA /* Assets.xcassets */,
				2933124A234DC39A0017BFAA /* LaunchScreen.storyboard */,
				2933124D234DC39A0017BFAA /* Info.plist */,
				2933124E234DC39A0017BFAA /* main.m */,
			);
			path = QMApp;
			sourceTree = "<group>";
		};
/* End PBXGroup section */

/* Begin PBXNativeTarget section */
		29331238234DC3990017BFAA /* QMApp */ = {
			isa = PBXNativeTarget;
			buildConfigurationList = 29331252234DC39A0017BFAA /* Build configuration list for PBXNativeTarget "QMApp" */;
			buildPhases = (
				29331235234DC3990017BFAA /* Sources */,
				29331236234DC3990017BFAA /* Frameworks */,
				29331237234DC3990017BFAA /* Resources */,
			);
			buildRules = (
			);
			dependencies = (
			);
			name = QMApp;
			productName = QMApp;
			productReference = 29331239234DC3990017BFAA /* QMApp.app */;
			productType = "com.apple.product-type.application";
		};
/* End PBXNativeTarget section */

/* Begin PBXProject section */
		29331231234DC3990017BFAA /* Project object */ = {
			isa = PBXProject;
			attributes = {
				LastUpgradeCheck = 1100;
				ORGANIZATIONNAME = qm;
				TargetAttributes = {
					29331238234DC3990017BFAA = {
						CreatedOnToolsVersion = 11.0;
					};
				};
			};
			buildConfigurationList = 29331234234DC3990017BFAA /* Build configuration list for PBXProject "QMApp" */;
			compatibilityVersion = "Xcode 9.3";
			developmentRegion = en;
			hasScannedForEncodings = 0;
			knownRegions = (
				en,
				Base,
			);
			mainGroup = 29331230234DC3990017BFAA;
			productRefGroup = 2933123A234DC3990017BFAA /* Products */;
			projectDirPath = "";
			projectRoot = "";
			targets = (
				29331238234DC3990017BFAA /* QMApp */,
			);
		};
/* End PBXProject section */

/* Begin PBXResourcesBuildPhase section */
		29331237234DC3990017BFAA /* Resources */ = {
			isa = PBXResourcesBuildPhase;
			buildActionMask = 2147483647;
			files = (
				2933124C234DC39A0017BFAA /* LaunchScreen.storyboard in Resources */,
				29331249234DC39A0017BFAA /* Assets.xcassets in Resources */,
				29331247234DC3990017BFAA /* Main.storyboard in Resources */,
			);
			runOnlyForDeploymentPostprocessing = 0;
		};
/* End PBXResourcesBuildPhase section */

/* Begin PBXSourcesBuildPhase section */
		29331235234DC3990017BFAA /* Sources */ = {
			isa = PBXSourcesBuildPhase;
			buildActionMask = 2147483647;
			files = (
				29331244234DC3990017BFAA /* ViewController.m in Sources */,
				2933123E234DC3990017BFAA /* AppDelegate.m in Sources */,
				2933124F234DC39A0017BFAA /* main.m in Sources */,
				29331241234DC3990017BFAA /* SceneDelegate.m in Sources */,
			);
			runOnlyForDeploymentPostprocessing = 0;
		};
/* End PBXSourcesBuildPhase section */

/* Begin PBXVariantGroup section */
		29331245234DC3990017BFAA /* Main.storyboard */ = {
			isa = PBXVariantGroup;
			children = (
				29331246234DC3990017BFAA /* Base */,
			);
			name = Main.storyboard;
			sourceTree = "<group>";
		};
		2933124A234DC39A0017BFAA /* LaunchScreen.storyboard */ = {
			isa = PBXVariantGroup;
			children = (
				2933124B234DC39A0017BFAA /* Base */,
			);
			name = LaunchScreen.storyboard;
			sourceTree = "<group>";
		};
/* End PBXVariantGroup section */

/* Begin XCBuildConfiguration section */
		29331250234DC39A0017BFAA /* Debug */ = {
			isa = XCBuildConfiguration;
			buildSettings = {
				ALWAYS_SEARCH_USER_PATHS = NO;
				CLANG_ANALYZER_NONNULL = YES;
				CLANG_ANALYZER_NUMBER_OBJECT_CONVERSION = YES_AGGRESSIVE;
				CLANG_CXX_LANGUAGE_STANDARD = "gnu++14";
				CLANG_CXX_LIBRARY = "libc++";
				CLANG_ENABLE_MODULES = YES;
				CLANG_ENABLE_OBJC_ARC = YES;
				CLANG_ENABLE_OBJC_WEAK = YES;
				CLANG_WARN_BLOCK_CAPTURE_AUTORELEASING = YES;
				CLANG_WARN_BOOL_CONVERSION = YES;
				CLANG_WARN_COMMA = YES;
				CLANG_WARN_CONSTANT_CONVERSION = YES;
				CLANG_WARN_DEPRECATED_OBJC_IMPLEMENTATIONS = YES;
				CLANG_WARN_DIRECT_OBJC_ISA_USAGE = YES_ERROR;
				CLANG_WARN_DOCUMENTATION_COMMENTS = YES;
				CLANG_WARN_EMPTY_BODY = YES;
				CLANG_WARN_ENUM_CONVERSION = YES;
				CLANG_WARN_INFINITE_RECURSION = YES;
				CLANG_WARN_INT_CONVERSION = YES;
				CLANG_WARN_NON_LITERAL_NULL_CONVERSION = YES;
				CLANG_WARN_OBJC_IMPLICIT_RETAIN_SELF = YES;
				CLANG_WARN_OBJC_LITERAL_CONVERSION = YES;
				CLANG_WARN_OBJC_ROOT_CLASS = YES_ERROR;
				CLANG_WARN_RANGE_LOOP_ANALYSIS = YES;
				CLANG_WARN_STRICT_PROTOTYPES = YES;
				CLANG_WARN_SUSPICIOUS_MOVE = YES;
				CLANG_WARN_UNGUARDED_AVAILABILITY = YES_AGGRESSIVE;
				CLANG_WARN_UNREACHABLE_CODE = YES;
				CLANG_WARN__DUPLICATE_METHOD_MATCH = YES;
				COPY_PHASE_STRIP = NO;
				DEBUG_INFORMATION_FORMAT = dwarf;
				ENABLE_STRICT_OBJC_MSGSEND = YES;
				ENABLE_TESTABILITY = YES;
				GCC_C_LANGUAGE_STANDARD = gnu11;
				GCC_DYNAMIC_NO_PIC = NO;
				GCC_NO_COMMON_BLOCKS = YES;
				GCC_OPTIMIZATION_LEVEL = 0;
				GCC_PREPROCESSOR_DEFINITIONS = (
					"DEBUG=1",
					"$(inherited)",
				);
				GCC_WARN_64_TO_32_BIT_CONVERSION = YES;
				GCC_WARN_ABOUT_RETURN_TYPE = YES_ERROR;
				GCC_WARN_UNDECLARED_SELECTOR = YES;
				GCC_WARN_UNINITIALIZED_AUTOS = YES_AGGRESSIVE;
				GCC_WARN_UNUSED_FUNCTION = YES;
				GCC_WARN_UNUSED_VARIABLE = YES;
				IPHONEOS_DEPLOYMENT_TARGET = 13.0;
				MTL_ENABLE_DEBUG_INFO = INCLUDE_SOURCE;
				MTL_FAST_MATH = YES;
				ONLY_ACTIVE_ARCH = YES;
				SDKROOT = iphoneos;
			};
			name = Debug;
		};
		29331251234DC39A0017BFAA /* Release */ = {
			isa = XCBuildConfiguration;
			buildSettings = {
				ALWAYS_SEARCH_USER_PATHS = NO;
				CLANG_ANALYZER_NONNULL = YES;
				CLANG_ANALYZER_NUMBER_OBJECT_CONVERSION = YES_AGGRESSIVE;
				CLANG_CXX_LANGUAGE_STANDARD = "gnu++14";
				CLANG_CXX_LIBRARY = "libc++";
				CLANG_ENABLE_MODULES = YES;
				CLANG_ENABLE_OBJC_ARC = YES;
				CLANG_ENABLE_OBJC_WEAK = YES;
				CLANG_WARN_BLOCK_CAPTURE_AUTORELEASING = YES;
				CLANG_WARN_BOOL_CONVERSION = YES;
				CLANG_WARN_COMMA = YES;
				CLANG_WARN_CONSTANT_CONVERSION = YES;
				CLANG_WARN_DEPRECATED_OBJC_IMPLEMENTATIONS = YES;
				CLANG_WARN_DIRECT_OBJC_ISA_USAGE = YES_ERROR;
				CLANG_WARN_DOCUMENTATION_COMMENTS = YES;
				CLANG_WARN_EMPTY_BODY = YES;
				CLANG_WARN_ENUM_CONVERSION = YES;
				CLANG_WARN_INFINITE_RECURSION = YES;
				CLANG_WARN_INT_CONVERSION = YES;
				CLANG_WARN_NON_LITERAL_NULL_CONVERSION = YES;
				CLANG_WARN_OBJC_IMPLICIT_RETAIN_SELF = YES;
				CLANG_WARN_OBJC_LITERAL_CONVERSION = YES;
				CLANG_WARN_OBJC_ROOT_CLASS = YES_ERROR;
				CLANG_WARN_RANGE_LOOP_ANALYSIS = YES;
				CLANG_WARN_STRICT_PROTOTYPES = YES;
				CLANG_WARN_SUSPICIOUS_MOVE = YES;
				CLANG_WARN_UNGUARDED_AVAILABILITY = YES_AGGRESSIVE;
				CLANG_WARN_UNREACHABLE_CODE = YES;
				CLANG_WARN__DUPLICATE_METHOD_MATCH = YES;
				COPY_PHASE_STRIP = NO;
				DEBUG_INFORMATION_FORMAT = "dwarf-with-dsym";
				ENABLE_NS_ASSERTIONS = NO;
				ENABLE_STRICT_OBJC_MSGSEND = YES;
				GCC_C_LANGUAGE_STANDARD = gnu11;
				GCC_NO_COMMON_BLOCKS = YES;
				GCC_WARN_64_TO_32_BIT_CONVERSION = YES;
				GCC_WARN_ABOUT_RETURN_TYPE = YES_ERROR;
				GCC_WARN_UNDECLARED_SELECTOR = YES;
				GCC_WARN_UNINITIALIZED_AUTOS = YES_AGGRESSIVE;
				GCC_WARN_UNUSED_FUNCTION = YES;
				GCC_WARN_UNUSED_VARIABLE = YES;
				IPHONEOS_DEPLOYMENT_TARGET = 13.0;
				MTL_ENABLE_DEBUG_INFO = NO;
				MTL_FAST_MATH = YES;
				SDKROOT = iphoneos;
				VALIDATE_PRODUCT = YES;
			};
			name = Release;
		};
		29331253234DC39A0017BFAA /* Debug */ = {
			isa = XCBuildConfiguration;
			buildSettings = {
				ASSETCATALOG_COMPILER_APPICON_NAME = AppIcon;
				CODE_SIGN_STYLE = Automatic;
				DEVELOPMENT_TEAM = Z5254KXA39;
				INFOPLIST_FILE = QMApp/Info.plist;
				LD_RUNPATH_SEARCH_PATHS = (
					"$(inherited)",
					"@executable_path/Frameworks",
				);
				PRODUCT_BUNDLE_IDENTIFIER = qm.QMApp;
				PRODUCT_NAME = "$(TARGET_NAME)";
				TARGETED_DEVICE_FAMILY = "1,2";
			};
			name = Debug;
		};
		29331254234DC39A0017BFAA /* Release */ = {
			isa = XCBuildConfiguration;
			buildSettings = {
				ASSETCATALOG_COMPILER_APPICON_NAME = AppIcon;
				CODE_SIGN_STYLE = Automatic;
				DEVELOPMENT_TEAM = Z5254KXA39;
				INFOPLIST_FILE = QMApp/Info.plist;
				LD_RUNPATH_SEARCH_PATHS = (
					"$(inherited)",
					"@executable_path/Frameworks",
				);
				PRODUCT_BUNDLE_IDENTIFIER = qm.QMApp;
				PRODUCT_NAME = "$(TARGET_NAME)";
				TARGETED_DEVICE_FAMILY = "1,2";
			};
			name = Release;
		};
/* End XCBuildConfiguration section */

/* Begin XCConfigurationList section */
		29331234234DC3990017BFAA /* Build configuration list for PBXProject "QMApp" */ = {
			isa = XCConfigurationList;
			buildConfigurations = (
				29331250234DC39A0017BFAA /* Debug */,
				29331251234DC39A0017BFAA /* Release */,
			);
			defaultConfigurationIsVisible = 0;
			defaultConfigurationName = Release;
		};
		29331252234DC39A0017BFAA /* Build configuration list for PBXNativeTarget "QMApp" */ = {
			isa = XCConfigurationList;
			buildConfigurations = (
				29331253234DC39A0017BFAA /* Debug */,
				29331254234DC39A0017BFAA /* Release */,
			);
			defaultConfigurationIsVisible = 0;
			defaultConfigurationName = Release;
		};
/* End XCConfigurationList section */
	};
	rootObject = 29331231234DC3990017BFAA /* Project object */;
}
